// !$*UTF8*$!
{
	archiveVersion = 1;
	classes = {
	};
	objectVersion = 46;
	objects = {

/* Begin PBXBuildFile section */
		193CD36C180F9277004C7A99 /* Foundation.framework in Frameworks */ = {isa = PBXBuildFile; fileRef = 193CD36B180F9277004C7A99 /* Foundation.framework */; };
		193CD36E180F9277004C7A99 /* CoreGraphics.framework in Frameworks */ = {isa = PBXBuildFile; fileRef = 193CD36D180F9277004C7A99 /* CoreGraphics.framework */; };
		193CD370180F9277004C7A99 /* UIKit.framework in Frameworks */ = {isa = PBXBuildFile; fileRef = 193CD36F180F9277004C7A99 /* UIKit.framework */; };
		193CD376180F9277004C7A99 /* InfoPlist.strings in Resources */ = {isa = PBXBuildFile; fileRef = 193CD374180F9277004C7A99 /* InfoPlist.strings */; };
		193CD378180F9277004C7A99 /* main.m in Sources */ = {isa = PBXBuildFile; fileRef = 193CD377180F9277004C7A99 /* main.m */; };
		193CD37C180F9277004C7A99 /* Oct17AppDelegate.m in Sources */ = {isa = PBXBuildFile; fileRef = 193CD37B180F9277004C7A99 /* Oct17AppDelegate.m */; };
		193CD37E180F9277004C7A99 /* Images.xcassets in Resources */ = {isa = PBXBuildFile; fileRef = 193CD37D180F9277004C7A99 /* Images.xcassets */; };
		193CD385180F9277004C7A99 /* XCTest.framework in Frameworks */ = {isa = PBXBuildFile; fileRef = 193CD384180F9277004C7A99 /* XCTest.framework */; };
		193CD386180F9277004C7A99 /* Foundation.framework in Frameworks */ = {isa = PBXBuildFile; fileRef = 193CD36B180F9277004C7A99 /* Foundation.framework */; };
		193CD387180F9277004C7A99 /* UIKit.framework in Frameworks */ = {isa = PBXBuildFile; fileRef = 193CD36F180F9277004C7A99 /* UIKit.framework */; };
		193CD38F180F9277004C7A99 /* InfoPlist.strings in Resources */ = {isa = PBXBuildFile; fileRef = 193CD38D180F9277004C7A99 /* InfoPlist.strings */; };
		193CD391180F9277004C7A99 /* Oct17Tests.m in Sources */ = {isa = PBXBuildFile; fileRef = 193CD390180F9277004C7A99 /* Oct17Tests.m */; };
/* End PBXBuildFile section */

/* Begin PBXContainerItemProxy section */
		193CD388180F9277004C7A99 /* PBXContainerItemProxy */ = {
			isa = PBXContainerItemProxy;
			containerPortal = 193CD360180F9277004C7A99 /* Project object */;
			proxyType = 1;
			remoteGlobalIDString = 193CD367180F9277004C7A99;
			remoteInfo = Oct17;
		};
/* End PBXContainerItemProxy section */

/* Begin PBXFileReference section */
		193CD368180F9277004C7A99 /* Oct17.app */ = {isa = PBXFileReference; explicitFileType = wrapper.application; includeInIndex = 0; path = Oct17.app; sourceTree = BUILT_PRODUCTS_DIR; };
		193CD36B180F9277004C7A99 /* Foundation.framework */ = {isa = PBXFileReference; lastKnownFileType = wrapper.framework; name = Foundation.framework; path = System/Library/Frameworks/Foundation.framework; sourceTree = SDKROOT; };
		193CD36D180F9277004C7A99 /* CoreGraphics.framework */ = {isa = PBXFileReference; lastKnownFileType = wrapper.framework; name = CoreGraphics.framework; path = System/Library/Frameworks/CoreGraphics.framework; sourceTree = SDKROOT; };
		193CD36F180F9277004C7A99 /* UIKit.framework */ = {isa = PBXFileReference; lastKnownFileType = wrapper.framework; name = UIKit.framework; path = System/Library/Frameworks/UIKit.framework; sourceTree = SDKROOT; };
		193CD373180F9277004C7A99 /* Oct17-Info.plist */ = {isa = PBXFileReference; lastKnownFileType = text.plist.xml; path = "Oct17-Info.plist"; sourceTree = "<group>"; };
		193CD375180F9277004C7A99 /* en */ = {isa = PBXFileReference; lastKnownFileType = text.plist.strings; name = en; path = en.lproj/InfoPlist.strings; sourceTree = "<group>"; };
		193CD377180F9277004C7A99 /* main.m */ = {isa = PBXFileReference; lastKnownFileType = sourcecode.c.objc; path = main.m; sourceTree = "<group>"; };
		193CD379180F9277004C7A99 /* Oct17-Prefix.pch */ = {isa = PBXFileReference; lastKnownFileType = sourcecode.c.h; path = "Oct17-Prefix.pch"; sourceTree = "<group>"; };
		193CD37A180F9277004C7A99 /* Oct17AppDelegate.h */ = {isa = PBXFileReference; lastKnownFileType = sourcecode.c.h; path = Oct17AppDelegate.h; sourceTree = "<group>"; };
		193CD37B180F9277004C7A99 /* Oct17AppDelegate.m */ = {isa = PBXFileReference; lastKnownFileType = sourcecode.c.objc; path = Oct17AppDelegate.m; sourceTree = "<group>"; };
		193CD37D180F9277004C7A99 /* Images.xcassets */ = {isa = PBXFileReference; lastKnownFileType = folder.assetcatalog; path = Images.xcassets; sourceTree = "<group>"; };
		193CD383180F9277004C7A99 /* Oct17Tests.xctest */ = {isa = PBXFileReference; explicitFileType = wrapper.cfbundle; includeInIndex = 0; path = Oct17Tests.xctest; sourceTree = BUILT_PRODUCTS_DIR; };
		193CD384180F9277004C7A99 /* XCTest.framework */ = {isa = PBXFileReference; lastKnownFileType = wrapper.framework; name = XCTest.framework; path = Library/Frameworks/XCTest.framework; sourceTree = DEVELOPER_DIR; };
		193CD38C180F9277004C7A99 /* Oct17Tests-Info.plist */ = {isa = PBXFileReference; lastKnownFileType = text.plist.xml; path = "Oct17Tests-Info.plist"; sourceTree = "<group>"; };
		193CD38E180F9277004C7A99 /* en */ = {isa = PBXFileReference; lastKnownFileType = text.plist.strings; name = en; path = en.lproj/InfoPlist.strings; sourceTree = "<group>"; };
		193CD390180F9277004C7A99 /* Oct17Tests.m */ = {isa = PBXFileReference; lastKnownFileType = sourcecode.c.objc; path = Oct17Tests.m; sourceTree = "<group>"; };
/* End PBXFileReference section */

/* Begin PBXFrameworksBuildPhase section */
		193CD365180F9277004C7A99 /* Frameworks */ = {
			isa = PBXFrameworksBuildPhase;
			buildActionMask = 2147483647;
			files = (
				193CD36E180F9277004C7A99 /* CoreGraphics.framework in Frameworks */,
				193CD370180F9277004C7A99 /* UIKit.framework in Frameworks */,
				193CD36C180F9277004C7A99 /* Foundation.framework in Frameworks */,
			);
			runOnlyForDeploymentPostprocessing = 0;
		};
		193CD380180F9277004C7A99 /* Frameworks */ = {
			isa = PBXFrameworksBuildPhase;
			buildActionMask = 2147483647;
			files = (
				193CD385180F9277004C7A99 /* XCTest.framework in Frameworks */,
				193CD387180F9277004C7A99 /* UIKit.framework in Frameworks */,
				193CD386180F9277004C7A99 /* Foundation.framework in Frameworks */,
			);
			runOnlyForDeploymentPostprocessing = 0;
		};
/* End PBXFrameworksBuildPhase section */

/* Begin PBXGroup section */
		193CD35F180F9277004C7A99 = {
			isa = PBXGroup;
			children = (
				193CD371180F9277004C7A99 /* Oct17 */,
				193CD38A180F9277004C7A99 /* Oct17Tests */,
				193CD36A180F9277004C7A99 /* Frameworks */,
				193CD369180F9277004C7A99 /* Products */,
			);
			sourceTree = "<group>";
		};
		193CD369180F9277004C7A99 /* Products */ = {
			isa = PBXGroup;
			children = (
				193CD368180F9277004C7A99 /* Oct17.app */,
				193CD383180F9277004C7A99 /* Oct17Tests.xctest */,
			);
			name = Products;
			sourceTree = "<group>";
		};
		193CD36A180F9277004C7A99 /* Frameworks */ = {
			isa = PBXGroup;
			children = (
				193CD36B180F9277004C7A99 /* Foundation.framework */,
				193CD36D180F9277004C7A99 /* CoreGraphics.framework */,
				193CD36F180F9277004C7A99 /* UIKit.framework */,
				193CD384180F9277004C7A99 /* XCTest.framework */,
			);
			name = Frameworks;
			sourceTree = "<group>";
		};
		193CD371180F9277004C7A99 /* Oct17 */ = {
			isa = PBXGroup;
			children = (
				193CD37A180F9277004C7A99 /* Oct17AppDelegate.h */,
				193CD37B180F9277004C7A99 /* Oct17AppDelegate.m */,
				193CD37D180F9277004C7A99 /* Images.xcassets */,
				193CD372180F9277004C7A99 /* Supporting Files */,
			);
			path = Oct17;
			sourceTree = "<group>";
		};
		193CD372180F9277004C7A99 /* Supporting Files */ = {
			isa = PBXGroup;
			children = (
				193CD373180F9277004C7A99 /* Oct17-Info.plist */,
				193CD374180F9277004C7A99 /* InfoPlist.strings */,
				193CD377180F9277004C7A99 /* main.m */,
				193CD379180F9277004C7A99 /* Oct17-Prefix.pch */,
			);
			name = "Supporting Files";
			sourceTree = "<group>";
		};
		193CD38A180F9277004C7A99 /* Oct17Tests */ = {
			isa = PBXGroup;
			children = (
				193CD390180F9277004C7A99 /* Oct17Tests.m */,
				193CD38B180F9277004C7A99 /* Supporting Files */,
			);
			path = Oct17Tests;
			sourceTree = "<group>";
		};
		193CD38B180F9277004C7A99 /* Supporting Files */ = {
			isa = PBXGroup;
			children = (
				193CD38C180F9277004C7A99 /* Oct17Tests-Info.plist */,
				193CD38D180F9277004C7A99 /* InfoPlist.strings */,
			);
			name = "Supporting Files";
			sourceTree = "<group>";
		};
/* End PBXGroup section */

/* Begin PBXNativeTarget section */
		193CD367180F9277004C7A99 /* Oct17 */ = {
			isa = PBXNativeTarget;
			buildConfigurationList = 193CD394180F9277004C7A99 /* Build configuration list for PBXNativeTarget "Oct17" */;
			buildPhases = (
				193CD364180F9277004C7A99 /* Sources */,
				193CD365180F9277004C7A99 /* Frameworks */,
				193CD366180F9277004C7A99 /* Resources */,
			);
			buildRules = (
			);
			dependencies = (
			);
			name = Oct17;
			productName = Oct17;
			productReference = 193CD368180F9277004C7A99 /* Oct17.app */;
			productType = "com.apple.product-type.application";
		};
		193CD382180F9277004C7A99 /* Oct17Tests */ = {
			isa = PBXNativeTarget;
			buildConfigurationList = 193CD397180F9277004C7A99 /* Build configuration list for PBXNativeTarget "Oct17Tests" */;
			buildPhases = (
				193CD37F180F9277004C7A99 /* Sources */,
				193CD380180F9277004C7A99 /* Frameworks */,
				193CD381180F9277004C7A99 /* Resources */,
			);
			buildRules = (
			);
			dependencies = (
				193CD389180F9277004C7A99 /* PBXTargetDependency */,
			);
			name = Oct17Tests;
			productName = Oct17Tests;
			productReference = 193CD383180F9277004C7A99 /* Oct17Tests.xctest */;
			productType = "com.apple.product-type.bundle.unit-test";
		};
/* End PBXNativeTarget section */

/* Begin PBXProject section */
		193CD360180F9277004C7A99 /* Project object */ = {
			isa = PBXProject;
			attributes = {
				CLASSPREFIX = Oct17;
				LastUpgradeCheck = 0500;
				ORGANIZATIONNAME = Computerlab;
				TargetAttributes = {
					193CD382180F9277004C7A99 = {
						TestTargetID = 193CD367180F9277004C7A99;
					};
				};
			};
			buildConfigurationList = 193CD363180F9277004C7A99 /* Build configuration list for PBXProject "Oct17" */;
			compatibilityVersion = "Xcode 3.2";
			developmentRegion = English;
			hasScannedForEncodings = 0;
			knownRegions = (
				en,
			);
			mainGroup = 193CD35F180F9277004C7A99;
			productRefGroup = 193CD369180F9277004C7A99 /* Products */;
			projectDirPath = "";
			projectRoot = "";
			targets = (
				193CD367180F9277004C7A99 /* Oct17 */,
				193CD382180F9277004C7A99 /* Oct17Tests */,
			);
		};
/* End PBXProject section */

/* Begin PBXResourcesBuildPhase section */
		193CD366180F9277004C7A99 /* Resources */ = {
			isa = PBXResourcesBuildPhase;
			buildActionMask = 2147483647;
			files = (
				193CD376180F9277004C7A99 /* InfoPlist.strings in Resources */,
				193CD37E180F9277004C7A99 /* Images.xcassets in Resources */,
			);
			runOnlyForDeploymentPostprocessing = 0;
		};
		193CD381180F9277004C7A99 /* Resources */ = {
			isa = PBXResourcesBuildPhase;
			buildActionMask = 2147483647;
			files = (
				193CD38F180F9277004C7A99 /* InfoPlist.strings in Resources */,
			);
			runOnlyForDeploymentPostprocessing = 0;
		};
/* End PBXResourcesBuildPhase section */

/* Begin PBXSourcesBuildPhase section */
		193CD364180F9277004C7A99 /* Sources */ = {
			isa = PBXSourcesBuildPhase;
			buildActionMask = 2147483647;
			files = (
				193CD378180F9277004C7A99 /* main.m in Sources */,
				193CD37C180F9277004C7A99 /* Oct17AppDelegate.m in Sources */,
			);
			runOnlyForDeploymentPostprocessing = 0;
		};
		193CD37F180F9277004C7A99 /* Sources */ = {
			isa = PBXSourcesBuildPhase;
			buildActionMask = 2147483647;
			files = (
				193CD391180F9277004C7A99 /* Oct17Tests.m in Sources */,
			);
			runOnlyForDeploymentPostprocessing = 0;
		};
/* End PBXSourcesBuildPhase section */

/* Begin PBXTargetDependency section */
		193CD389180F9277004C7A99 /* PBXTargetDependency */ = {
			isa = PBXTargetDependency;
			target = 193CD367180F9277004C7A99 /* Oct17 */;
			targetProxy = 193CD388180F9277004C7A99 /* PBXContainerItemProxy */;
		};
/* End PBXTargetDependency section */

/* Begin PBXVariantGroup section */
		193CD374180F9277004C7A99 /* InfoPlist.strings */ = {
			isa = PBXVariantGroup;
			children = (
				193CD375180F9277004C7A99 /* en */,
			);
			name = InfoPlist.strings;
			sourceTree = "<group>";
		};
		193CD38D180F9277004C7A99 /* InfoPlist.strings */ = {
			isa = PBXVariantGroup;
			children = (
				193CD38E180F9277004C7A99 /* en */,
			);
			name = InfoPlist.strings;
			sourceTree = "<group>";
		};
/* End PBXVariantGroup section */

/* Begin XCBuildConfiguration section */
		193CD392180F9277004C7A99 /* Debug */ = {
			isa = XCBuildConfiguration;
			buildSettings = {
				ALWAYS_SEARCH_USER_PATHS = NO;
				ARCHS = "$(ARCHS_STANDARD_INCLUDING_64_BIT)";
				CLANG_CXX_LANGUAGE_STANDARD = "gnu++0x";
				CLANG_CXX_LIBRARY = "libc++";
				CLANG_ENABLE_MODULES = YES;
				CLANG_ENABLE_OBJC_ARC = YES;
				CLANG_WARN_BOOL_CONVERSION = YES;
				CLANG_WARN_CONSTANT_CONVERSION = YES;
				CLANG_WARN_DIRECT_OBJC_ISA_USAGE = YES_ERROR;
				CLANG_WARN_EMPTY_BODY = YES;
				CLANG_WARN_ENUM_CONVERSION = YES;
				CLANG_WARN_INT_CONVERSION = YES;
				CLANG_WARN_OBJC_ROOT_CLASS = YES_ERROR;
				CLANG_WARN__DUPLICATE_METHOD_MATCH = YES;
				"CODE_SIGN_IDENTITY[sdk=iphoneos*]" = "iPhone Developer";
				COPY_PHASE_STRIP = NO;
				GCC_C_LANGUAGE_STANDARD = gnu99;
				GCC_DYNAMIC_NO_PIC = NO;
				GCC_OPTIMIZATION_LEVEL = 0;
				GCC_PREPROCESSOR_DEFINITIONS = (
					"DEBUG=1",
					"$(inherited)",
				);
				GCC_SYMBOLS_PRIVATE_EXTERN = NO;
				GCC_WARN_64_TO_32_BIT_CONVERSION = YES;
				GCC_WARN_ABOUT_RETURN_TYPE = YES_ERROR;
				GCC_WARN_UNDECLARED_SELECTOR = YES;
				GCC_WARN_UNINITIALIZED_AUTOS = YES;
				GCC_WARN_UNUSED_FUNCTION = YES;
				GCC_WARN_UNUSED_VARIABLE = YES;
				IPHONEOS_DEPLOYMENT_TARGET = 7.0;
				ONLY_ACTIVE_ARCH = YES;
				SDKROOT = iphoneos;
			};
			name = Debug;
		};
		193CD393180F9277004C7A99 /* Release */ = {
			isa = XCBuildConfiguration;
			buildSettings = {
				ALWAYS_SEARCH_USER_PATHS = NO;
				ARCHS = "$(ARCHS_STANDARD_INCLUDING_64_BIT)";
				CLANG_CXX_LANGUAGE_STANDARD = "gnu++0x";
				CLANG_CXX_LIBRARY = "libc++";
				CLANG_ENABLE_MODULES = YES;
				CLANG_ENABLE_OBJC_ARC = YES;
				CLANG_WARN_BOOL_CONVERSION = YES;
				CLANG_WARN_CONSTANT_CONVERSION = YES;
				CLANG_WARN_DIRECT_OBJC_ISA_USAGE = YES_ERROR;
				CLANG_WARN_EMPTY_BODY = YES;
				CLANG_WARN_ENUM_CONVERSION = YES;
				CLANG_WARN_INT_CONVERSION = YES;
				CLANG_WARN_OBJC_ROOT_CLASS = YES_ERROR;
				CLANG_WARN__DUPLICATE_METHOD_MATCH = YES;
				"CODE_SIGN_IDENTITY[sdk=iphoneos*]" = "iPhone Developer";
				COPY_PHASE_STRIP = YES;
				ENABLE_NS_ASSERTIONS = NO;
				GCC_C_LANGUAGE_STANDARD = gnu99;
				GCC_WARN_64_TO_32_BIT_CONVERSION = YES;
				GCC_WARN_ABOUT_RETURN_TYPE = YES_ERROR;
				GCC_WARN_UNDECLARED_SELECTOR = YES;
				GCC_WARN_UNINITIALIZED_AUTOS = YES;
				GCC_WARN_UNUSED_FUNCTION = YES;
				GCC_WARN_UNUSED_VARIABLE = YES;
				IPHONEOS_DEPLOYMENT_TARGET = 7.0;
				SDKROOT = iphoneos;
				VALIDATE_PRODUCT = YES;
			};
			name = Release;
		};
		193CD395180F9277004C7A99 /* Debug */ = {
			isa = XCBuildConfiguration;
			buildSettings = {
				ASSETCATALOG_COMPILER_APPICON_NAME = AppIcon;
				ASSETCATALOG_COMPILER_LAUNCHIMAGE_NAME = LaunchImage;
				GCC_PRECOMPILE_PREFIX_HEADER = YES;
				GCC_PREFIX_HEADER = "Oct17/Oct17-Prefix.pch";
				INFOPLIST_FILE = "Oct17/Oct17-Info.plist";
				PRODUCT_NAME = "$(TARGET_NAME)";
				WRAPPER_EXTENSION = app;
			};
			name = Debug;
		};
		193CD396180F9277004C7A99 /* Release */ = {
			isa = XCBuildConfiguration;
			buildSettings = {
				ASSETCATALOG_COMPILER_APPICON_NAME = AppIcon;
				ASSETCATALOG_COMPILER_LAUNCHIMAGE_NAME = LaunchImage;
				GCC_PRECOMPILE_PREFIX_HEADER = YES;
				GCC_PREFIX_HEADER = "Oct17/Oct17-Prefix.pch";
				INFOPLIST_FILE = "Oct17/Oct17-Info.plist";
				PRODUCT_NAME = "$(TARGET_NAME)";
				WRAPPER_EXTENSION = app;
			};
			name = Release;
		};
		193CD398180F9277004C7A99 /* Debug */ = {
			isa = XCBuildConfiguration;
			buildSettings = {
				ARCHS = "$(ARCHS_STANDARD_INCLUDING_64_BIT)";
				BUNDLE_LOADER = "$(BUILT_PRODUCTS_DIR)/Oct17.app/Oct17";
				FRAMEWORK_SEARCH_PATHS = (
					"$(SDKROOT)/Developer/Library/Frameworks",
					"$(inherited)",
					"$(DEVELOPER_FRAMEWORKS_DIR)",
				);
				GCC_PRECOMPILE_PREFIX_HEADER = YES;
				GCC_PREFIX_HEADER = "Oct17/Oct17-Prefix.pch";
				GCC_PREPROCESSOR_DEFINITIONS = (
					"DEBUG=1",
					"$(inherited)",
				);
				INFOPLIST_FILE = "Oct17Tests/Oct17Tests-Info.plist";
				PRODUCT_NAME = "$(TARGET_NAME)";
				TEST_HOST = "$(BUNDLE_LOADER)";
				WRAPPER_EXTENSION = xctest;
			};
			name = Debug;
		};
		193CD399180F9277004C7A99 /* Release */ = {
			isa = XCBuildConfiguration;
			buildSettings = {
				ARCHS = "$(ARCHS_STANDARD_INCLUDING_64_BIT)";
				BUNDLE_LOADER = "$(BUILT_PRODUCTS_DIR)/Oct17.app/Oct17";
				FRAMEWORK_SEARCH_PATHS = (
					"$(SDKROOT)/Developer/Library/Frameworks",
					"$(inherited)",
					"$(DEVELOPER_FRAMEWORKS_DIR)",
				);
				GCC_PRECOMPILE_PREFIX_HEADER = YES;
				GCC_PREFIX_HEADER = "Oct17/Oct17-Prefix.pch";
				INFOPLIST_FILE = "Oct17Tests/Oct17Tests-Info.plist";
				PRODUCT_NAME = "$(TARGET_NAME)";
				TEST_HOST = "$(BUNDLE_LOADER)";
				WRAPPER_EXTENSION = xctest;
			};
			name = Release;
		};
/* End XCBuildConfiguration section */

/* Begin XCConfigurationList section */
		193CD363180F9277004C7A99 /* Build configuration list for PBXProject "Oct17" */ = {
			isa = XCConfigurationList;
			buildConfigurations = (
				193CD392180F9277004C7A99 /* Debug */,
				193CD393180F9277004C7A99 /* Release */,
			);
			defaultConfigurationIsVisible = 0;
			defaultConfigurationName = Release;
		};
		193CD394180F9277004C7A99 /* Build configuration list for PBXNativeTarget "Oct17" */ = {
			isa = XCConfigurationList;
			buildConfigurations = (
				193CD395180F9277004C7A99 /* Debug */,
				193CD396180F9277004C7A99 /* Release */,
			);
			defaultConfigurationIsVisible = 0;
		};
		193CD397180F9277004C7A99 /* Build configuration list for PBXNativeTarget "Oct17Tests" */ = {
			isa = XCConfigurationList;
			buildConfigurations = (
				193CD398180F9277004C7A99 /* Debug */,
				193CD399180F9277004C7A99 /* Release */,
			);
			defaultConfigurationIsVisible = 0;
		};
/* End XCConfigurationList section */
	};
	rootObject = 193CD360180F9277004C7A99 /* Project object */;
}
